
Microsoft Visual Studio Solution File, Format Version 12.00
# Visual Studio 15
VisualStudioVersion = 15.0.28307.421
MinimumVisualStudioVersion = 10.0.40219.1
Project("{FAE04EC0-301F-11D3-BF4B-00C04F79EFBC}") = "FiguresLib", "FiguresLib\FiguresLib.csproj", "{97AE42EE-C243-4B80-B7AA-BBEE93E22874}"
EndProject
Global
	GlobalSection(SolutionConfigurationPlatforms) = preSolution
		Debug|Any CPU = Debug|Any CPU
		Release|Any CPU = Release|Any CPU
	EndGlobalSection
	GlobalSection(ProjectConfigurationPlatforms) = postSolution
		{97AE42EE-C243-4B80-B7AA-BBEE93E22874}.Debug|Any CPU.ActiveCfg = Debug|Any CPU
		{97AE42EE-C243-4B80-B7AA-BBEE93E22874}.Debug|Any CPU.Build.0 = Debug|Any CPU
		{97AE42EE-C243-4B80-B7AA-BBEE93E22874}.Release|Any CPU.ActiveCfg = Release|Any CPU
		{97AE42EE-C243-4B80-B7AA-BBEE93E22874}.Release|Any CPU.Build.0 = Release|Any CPU
	EndGlobalSection
	GlobalSection(SolutionProperties) = preSolution
		HideSolutionNode = FALSE
	EndGlobalSection
	GlobalSection(ExtensibilityGlobals) = postSolution
		SolutionGuid = {EDEDA856-4EE5-4012-B8ED-8EC46FD66632}
	EndGlobalSection
EndGlobal
